
Microsoft Visual Studio Solution File, Format Version 12.00
Project("{FAE04EC0-301F-11D3-BF4B-00C04F79EFBC}") = "ParkingPage", "ParkingPage\ParkingPage.csproj", "{34C6DF53-4D8A-4317-A19C-44159C856C87}"
EndProject
Project("{FAE04EC0-301F-11D3-BF4B-00C04F79EFBC}") = "ParkingPageApi", "ParkingPageApi\ParkingPageApi.csproj", "{3FD4CC59-898C-46E5-B3AC-346ACBB0531A}"
EndProject
Project("{FAE04EC0-301F-11D3-BF4B-00C04F79EFBC}") = "Ralcaraz.Microservices.Common", "Ralcaraz.Microservices.Common\Ralcaraz.Microservices.Common.csproj", "{BB467B20-2D11-4C82-A07F-899174A964B1}"
EndProject
Global
	GlobalSection(SolutionConfigurationPlatforms) = preSolution
		Debug|Any CPU = Debug|Any CPU
		Release|Any CPU = Release|Any CPU
	EndGlobalSection
	GlobalSection(ProjectConfigurationPlatforms) = postSolution
		{34C6DF53-4D8A-4317-A19C-44159C856C87}.Debug|Any CPU.ActiveCfg = Debug|Any CPU
		{34C6DF53-4D8A-4317-A19C-44159C856C87}.Debug|Any CPU.Build.0 = Debug|Any CPU
		{34C6DF53-4D8A-4317-A19C-44159C856C87}.Release|Any CPU.ActiveCfg = Release|Any CPU
		{34C6DF53-4D8A-4317-A19C-44159C856C87}.Release|Any CPU.Build.0 = Release|Any CPU
		{3FD4CC59-898C-46E5-B3AC-346ACBB0531A}.Debug|Any CPU.ActiveCfg = Debug|Any CPU
		{3FD4CC59-898C-46E5-B3AC-346ACBB0531A}.Debug|Any CPU.Build.0 = Debug|Any CPU
		{3FD4CC59-898C-46E5-B3AC-346ACBB0531A}.Release|Any CPU.ActiveCfg = Release|Any CPU
		{3FD4CC59-898C-46E5-B3AC-346ACBB0531A}.Release|Any CPU.Build.0 = Release|Any CPU
		{BB467B20-2D11-4C82-A07F-899174A964B1}.Debug|Any CPU.ActiveCfg = Debug|Any CPU
		{BB467B20-2D11-4C82-A07F-899174A964B1}.Debug|Any CPU.Build.0 = Debug|Any CPU
		{BB467B20-2D11-4C82-A07F-899174A964B1}.Release|Any CPU.ActiveCfg = Release|Any CPU
		{BB467B20-2D11-4C82-A07F-899174A964B1}.Release|Any CPU.Build.0 = Release|Any CPU
	EndGlobalSection
EndGlobal
